
Microsoft Visual Studio Solution File, Format Version 12.00
# Visual Studio Version 16
VisualStudioVersion = 16.0.31515.178
MinimumVisualStudioVersion = 10.0.40219.1
Project("{FAE04EC0-301F-11D3-BF4B-00C04F79EFBC}") = "Csharp-3D-Viewer", "Csharp-3D-Viewer\Csharp-3D-Viewer.csproj", "{AC2754A6-A8BA-4156-840F-349B773294EB}"
EndProject
Global
	GlobalSection(SolutionConfigurationPlatforms) = preSolution
		Debug|Any CPU = Debug|Any CPU
		Debug|x64 = Debug|x64
		Debug|x86 = Debug|x86
		Release|Any CPU = Release|Any CPU
		Release|x64 = Release|x64
		Release|x86 = Release|x86
	EndGlobalSection
	GlobalSection(ProjectConfigurationPlatforms) = postSolution
		{AC2754A6-A8BA-4156-840F-349B773294EB}.Debug|Any CPU.ActiveCfg = Debug|Any CPU
		{AC2754A6-A8BA-4156-840F-349B773294EB}.Debug|Any CPU.Build.0 = Debug|Any CPU
		{AC2754A6-A8BA-4156-840F-349B773294EB}.Debug|x64.ActiveCfg = Debug|x64
		{AC2754A6-A8BA-4156-840F-349B773294EB}.Debug|x64.Build.0 = Debug|x64
		{AC2754A6-A8BA-4156-840F-349B773294EB}.Debug|x86.ActiveCfg = Debug|Any CPU
		{AC2754A6-A8BA-4156-840F-349B773294EB}.Release|Any CPU.ActiveCfg = Release|Any CPU
		{AC2754A6-A8BA-4156-840F-349B773294EB}.Release|Any CPU.Build.0 = Release|Any CPU
		{AC2754A6-A8BA-4156-840F-349B773294EB}.Release|x64.ActiveCfg = Release|x64
		{AC2754A6-A8BA-4156-840F-349B773294EB}.Release|x64.Build.0 = Release|x64
		{AC2754A6-A8BA-4156-840F-349B773294EB}.Release|x86.ActiveCfg = Release|Any CPU
	EndGlobalSection
	GlobalSection(SolutionProperties) = preSolution
		HideSolutionNode = FALSE
	EndGlobalSection
	GlobalSection(ExtensibilityGlobals) = postSolution
		SolutionGuid = {DD9507E0-A697-430E-9F5F-4C690E8FCBB1}
	EndGlobalSection
EndGlobal
